
Microsoft Visual Studio Solution File, Format Version 12.00
# Visual Studio Version 16
VisualStudioVersion = 16.0.30621.155
MinimumVisualStudioVersion = 10.0.40219.1
Project("{9A19103F-16F7-4668-BE54-9A1E7A4F7556}") = "Dog.API", "Dog.API\Dog.API.csproj", "{40A44E44-4202-4FB9-936E-C56DF623C861}"
EndProject
Project("{9A19103F-16F7-4668-BE54-9A1E7A4F7556}") = "UI.Tests", "UI.Tests\UI.Tests.csproj", "{5748702C-C54D-48C2-8AA0-804809F64DA6}"
EndProject
Project("{9A19103F-16F7-4668-BE54-9A1E7A4F7556}") = "Dog.API.Tests", "Dog.API.Tests\Dog.API.Tests.csproj", "{4386D988-36D7-4DFC-9D28-5F132A5A26A4}"
EndProject
Project("{9A19103F-16F7-4668-BE54-9A1E7A4F7556}") = "UI.POM", "POM\UI.POM.csproj", "{00E2CB6B-6879-4EFC-891B-B1A3029CB985}"
EndProject
Project("{9A19103F-16F7-4668-BE54-9A1E7A4F7556}") = "Common.Utilities", "Common.Utilities\Common.Utilities.csproj", "{191AFBE0-CE8F-4764-9CAA-1594BAB37727}"
EndProject
Global
	GlobalSection(SolutionConfigurationPlatforms) = preSolution
		Debug|Any CPU = Debug|Any CPU
		Release|Any CPU = Release|Any CPU
	EndGlobalSection
	GlobalSection(ProjectConfigurationPlatforms) = postSolution
		{40A44E44-4202-4FB9-936E-C56DF623C861}.Debug|Any CPU.ActiveCfg = Debug|Any CPU
		{40A44E44-4202-4FB9-936E-C56DF623C861}.Debug|Any CPU.Build.0 = Debug|Any CPU
		{40A44E44-4202-4FB9-936E-C56DF623C861}.Release|Any CPU.ActiveCfg = Release|Any CPU
		{40A44E44-4202-4FB9-936E-C56DF623C861}.Release|Any CPU.Build.0 = Release|Any CPU
		{5748702C-C54D-48C2-8AA0-804809F64DA6}.Debug|Any CPU.ActiveCfg = Debug|Any CPU
		{5748702C-C54D-48C2-8AA0-804809F64DA6}.Debug|Any CPU.Build.0 = Debug|Any CPU
		{5748702C-C54D-48C2-8AA0-804809F64DA6}.Release|Any CPU.ActiveCfg = Release|Any CPU
		{5748702C-C54D-48C2-8AA0-804809F64DA6}.Release|Any CPU.Build.0 = Release|Any CPU
		{4386D988-36D7-4DFC-9D28-5F132A5A26A4}.Debug|Any CPU.ActiveCfg = Debug|Any CPU
		{4386D988-36D7-4DFC-9D28-5F132A5A26A4}.Debug|Any CPU.Build.0 = Debug|Any CPU
		{4386D988-36D7-4DFC-9D28-5F132A5A26A4}.Release|Any CPU.ActiveCfg = Release|Any CPU
		{4386D988-36D7-4DFC-9D28-5F132A5A26A4}.Release|Any CPU.Build.0 = Release|Any CPU
		{00E2CB6B-6879-4EFC-891B-B1A3029CB985}.Debug|Any CPU.ActiveCfg = Debug|Any CPU
		{00E2CB6B-6879-4EFC-891B-B1A3029CB985}.Debug|Any CPU.Build.0 = Debug|Any CPU
		{00E2CB6B-6879-4EFC-891B-B1A3029CB985}.Release|Any CPU.ActiveCfg = Release|Any CPU
		{00E2CB6B-6879-4EFC-891B-B1A3029CB985}.Release|Any CPU.Build.0 = Release|Any CPU
		{191AFBE0-CE8F-4764-9CAA-1594BAB37727}.Debug|Any CPU.ActiveCfg = Debug|Any CPU
		{191AFBE0-CE8F-4764-9CAA-1594BAB37727}.Debug|Any CPU.Build.0 = Debug|Any CPU
		{191AFBE0-CE8F-4764-9CAA-1594BAB37727}.Release|Any CPU.ActiveCfg = Release|Any CPU
		{191AFBE0-CE8F-4764-9CAA-1594BAB37727}.Release|Any CPU.Build.0 = Release|Any CPU
	EndGlobalSection
	GlobalSection(SolutionProperties) = preSolution
		HideSolutionNode = FALSE
	EndGlobalSection
	GlobalSection(ExtensibilityGlobals) = postSolution
		SolutionGuid = {513F6314-5C6A-44C0-BBA5-D22B5A1C09B4}
	EndGlobalSection
EndGlobal
